
Microsoft Visual Studio Solution File, Format Version 12.00
# Visual Studio Version 17
VisualStudioVersion = 17.11.35327.3
MinimumVisualStudioVersion = 10.0.40219.1
Project("{9A19103F-16F7-4668-BE54-9A1E7A4F7556}") = "AWSSimpleQueueConsumer", "SqsConsumer\AWSSimpleQueueConsumer.csproj", "{04E0FF0F-C77E-4AD3-ACD5-821EFF5A4211}"
EndProject
Global
	GlobalSection(SolutionConfigurationPlatforms) = preSolution
		Debug|Any CPU = Debug|Any CPU
		Release|Any CPU = Release|Any CPU
	EndGlobalSection
	GlobalSection(ProjectConfigurationPlatforms) = postSolution
		{04E0FF0F-C77E-4AD3-ACD5-821EFF5A4211}.Debug|Any CPU.ActiveCfg = Debug|Any CPU
		{04E0FF0F-C77E-4AD3-ACD5-821EFF5A4211}.Debug|Any CPU.Build.0 = Debug|Any CPU
		{04E0FF0F-C77E-4AD3-ACD5-821EFF5A4211}.Release|Any CPU.ActiveCfg = Release|Any CPU
		{04E0FF0F-C77E-4AD3-ACD5-821EFF5A4211}.Release|Any CPU.Build.0 = Release|Any CPU
	EndGlobalSection
	GlobalSection(SolutionProperties) = preSolution
		HideSolutionNode = FALSE
	EndGlobalSection
	GlobalSection(ExtensibilityGlobals) = postSolution
		SolutionGuid = {C15B5767-9D7A-44D4-83D4-C52F2330914C}
	EndGlobalSection
EndGlobal
